{
  "name": "SIH_sonix",
  "lockfileVersion": 3,
  "requires": true,
  "packages": {
    "": {
      "dependencies": {
        "@motion.page/claude-plugin": "^1.0.5"
      }
    },
    "node_modules/@motion.page/claude-plugin": {
      "version": "1.0.5",
      "resolved": "https://registry.npmjs.org/@motion.page/claude-plugin/-/claude-plugin-1.0.5.tgz",
      "integrity": "sha512-3H8Q5MatZwB26JNK2M0T4pbW3cJl+n639FLkbBpp7SsAnG+RJcvJ5hHfE8+zBvaUmaT9gCuJ4y5GLf3D7B6Chg==",
      "license": "FSL-1.1-Apache-2.0"
    }
  }
}
